
Microsoft Visual Studio Solution File, Format Version 12.00
# Visual Studio Version 16
VisualStudioVersion = 16.0.31515.178
MinimumVisualStudioVersion = 10.0.40219.1
Project("{FAE04EC0-301F-11D3-BF4B-00C04F79EFBC}") = "QTree", "QTree\QTree.csproj", "{257F7572-4495-43D6-8AF9-6308A817CECA}"
EndProject
Project("{2150E333-8FDC-42A3-9474-1A3956D46DE8}") = "Tests", "Tests", "{882E07CD-A370-4B65-98CD-2D8382B02603}"
EndProject
Project("{FAE04EC0-301F-11D3-BF4B-00C04F79EFBC}") = "QTree.Test", "QTree.Test\QTree.Test.csproj", "{17AD0893-2FAB-4313-9FBF-16FB260CB053}"
EndProject
Global
	GlobalSection(SolutionConfigurationPlatforms) = preSolution
		Debug|Any CPU = Debug|Any CPU
		Release|Any CPU = Release|Any CPU
	EndGlobalSection
	GlobalSection(ProjectConfigurationPlatforms) = postSolution
		{257F7572-4495-43D6-8AF9-6308A817CECA}.Debug|Any CPU.ActiveCfg = Debug|Any CPU
		{257F7572-4495-43D6-8AF9-6308A817CECA}.Debug|Any CPU.Build.0 = Debug|Any CPU
		{257F7572-4495-43D6-8AF9-6308A817CECA}.Release|Any CPU.ActiveCfg = Release|Any CPU
		{257F7572-4495-43D6-8AF9-6308A817CECA}.Release|Any CPU.Build.0 = Release|Any CPU
		{17AD0893-2FAB-4313-9FBF-16FB260CB053}.Debug|Any CPU.ActiveCfg = Debug|Any CPU
		{17AD0893-2FAB-4313-9FBF-16FB260CB053}.Debug|Any CPU.Build.0 = Debug|Any CPU
		{17AD0893-2FAB-4313-9FBF-16FB260CB053}.Release|Any CPU.ActiveCfg = Release|Any CPU
		{17AD0893-2FAB-4313-9FBF-16FB260CB053}.Release|Any CPU.Build.0 = Release|Any CPU
	EndGlobalSection
	GlobalSection(SolutionProperties) = preSolution
		HideSolutionNode = FALSE
	EndGlobalSection
	GlobalSection(NestedProjects) = preSolution
		{17AD0893-2FAB-4313-9FBF-16FB260CB053} = {882E07CD-A370-4B65-98CD-2D8382B02603}
	EndGlobalSection
	GlobalSection(ExtensibilityGlobals) = postSolution
		SolutionGuid = {B0CDCEA7-0C1C-471F-BB60-587CEAC12B05}
	EndGlobalSection
EndGlobal
