
Microsoft Visual Studio Solution File, Format Version 12.00
# Visual Studio Version 17
VisualStudioVersion = 17.3.32929.385
MinimumVisualStudioVersion = 10.0.40219.1
Project("{9A19103F-16F7-4668-BE54-9A1E7A4F7556}") = "QTree", "QTree\QTree.csproj", "{257F7572-4495-43D6-8AF9-6308A817CECA}"
EndProject
Project("{2150E333-8FDC-42A3-9474-1A3956D46DE8}") = "Tests", "Tests", "{882E07CD-A370-4B65-98CD-2D8382B02603}"
EndProject
Project("{9A19103F-16F7-4668-BE54-9A1E7A4F7556}") = "QTree.Test", "QTree.Test\QTree.Test.csproj", "{17AD0893-2FAB-4313-9FBF-16FB260CB053}"
EndProject
Project("{2150E333-8FDC-42A3-9474-1A3956D46DE8}") = "Tools", "Tools", "{3A8AB49C-3755-45DB-8521-5D24CC249AF1}"
EndProject
Project("{9A19103F-16F7-4668-BE54-9A1E7A4F7556}") = "QTree.TestTool", "QTree.TestTool\QTree.TestTool.csproj", "{28D74E27-03A0-465F-8674-ECE1380BAA4A}"
EndProject
Project("{9A19103F-16F7-4668-BE54-9A1E7A4F7556}") = "QTree.MonoGame.Test", "QTree.MonoGame.Test\QTree.MonoGame.Test.csproj", "{265891BC-84FB-4C50-865E-AE3A7D902F69}"
EndProject
Project("{9A19103F-16F7-4668-BE54-9A1E7A4F7556}") = "QTree.MonoGame.Common", "QTree.MonoGame.Common\QTree.MonoGame.Common.csproj", "{86733410-AE6E-43AD-AF23-102210DBDBBF}"
EndProject
Project("{FAE04EC0-301F-11D3-BF4B-00C04F79EFBC}") = "QTree.Benchmarking", "QTree.Benchmarking\QTree.Benchmarking.csproj", "{82A4AD69-5352-4655-9809-A176A01CAECF}"
EndProject
Global
	GlobalSection(SolutionConfigurationPlatforms) = preSolution
		Debug|Any CPU = Debug|Any CPU
		Debug|ARM = Debug|ARM
		Debug|x64 = Debug|x64
		Debug|x86 = Debug|x86
		Release|Any CPU = Release|Any CPU
		Release|ARM = Release|ARM
		Release|x64 = Release|x64
		Release|x86 = Release|x86
	EndGlobalSection
	GlobalSection(ProjectConfigurationPlatforms) = postSolution
		{257F7572-4495-43D6-8AF9-6308A817CECA}.Debug|Any CPU.ActiveCfg = Debug|Any CPU
		{257F7572-4495-43D6-8AF9-6308A817CECA}.Debug|Any CPU.Build.0 = Debug|Any CPU
		{257F7572-4495-43D6-8AF9-6308A817CECA}.Debug|ARM.ActiveCfg = Debug|Any CPU
		{257F7572-4495-43D6-8AF9-6308A817CECA}.Debug|ARM.Build.0 = Debug|Any CPU
		{257F7572-4495-43D6-8AF9-6308A817CECA}.Debug|x64.ActiveCfg = Debug|Any CPU
		{257F7572-4495-43D6-8AF9-6308A817CECA}.Debug|x64.Build.0 = Debug|Any CPU
		{257F7572-4495-43D6-8AF9-6308A817CECA}.Debug|x86.ActiveCfg = Debug|Any CPU
		{257F7572-4495-43D6-8AF9-6308A817CECA}.Debug|x86.Build.0 = Debug|Any CPU
		{257F7572-4495-43D6-8AF9-6308A817CECA}.Release|Any CPU.ActiveCfg = Release|Any CPU
		{257F7572-4495-43D6-8AF9-6308A817CECA}.Release|Any CPU.Build.0 = Release|Any CPU
		{257F7572-4495-43D6-8AF9-6308A817CECA}.Release|ARM.ActiveCfg = Release|Any CPU
		{257F7572-4495-43D6-8AF9-6308A817CECA}.Release|ARM.Build.0 = Release|Any CPU
		{257F7572-4495-43D6-8AF9-6308A817CECA}.Release|x64.ActiveCfg = Release|Any CPU
		{257F7572-4495-43D6-8AF9-6308A817CECA}.Release|x64.Build.0 = Release|Any CPU
		{257F7572-4495-43D6-8AF9-6308A817CECA}.Release|x86.ActiveCfg = Release|Any CPU
		{257F7572-4495-43D6-8AF9-6308A817CECA}.Release|x86.Build.0 = Release|Any CPU
		{17AD0893-2FAB-4313-9FBF-16FB260CB053}.Debug|Any CPU.ActiveCfg = Debug|Any CPU
		{17AD0893-2FAB-4313-9FBF-16FB260CB053}.Debug|Any CPU.Build.0 = Debug|Any CPU
		{17AD0893-2FAB-4313-9FBF-16FB260CB053}.Debug|ARM.ActiveCfg = Debug|Any CPU
		{17AD0893-2FAB-4313-9FBF-16FB260CB053}.Debug|ARM.Build.0 = Debug|Any CPU
		{17AD0893-2FAB-4313-9FBF-16FB260CB053}.Debug|x64.ActiveCfg = Debug|Any CPU
		{17AD0893-2FAB-4313-9FBF-16FB260CB053}.Debug|x64.Build.0 = Debug|Any CPU
		{17AD0893-2FAB-4313-9FBF-16FB260CB053}.Debug|x86.ActiveCfg = Debug|Any CPU
		{17AD0893-2FAB-4313-9FBF-16FB260CB053}.Debug|x86.Build.0 = Debug|Any CPU
		{17AD0893-2FAB-4313-9FBF-16FB260CB053}.Release|Any CPU.ActiveCfg = Release|Any CPU
		{17AD0893-2FAB-4313-9FBF-16FB260CB053}.Release|Any CPU.Build.0 = Release|Any CPU
		{17AD0893-2FAB-4313-9FBF-16FB260CB053}.Release|ARM.ActiveCfg = Release|Any CPU
		{17AD0893-2FAB-4313-9FBF-16FB260CB053}.Release|ARM.Build.0 = Release|Any CPU
		{17AD0893-2FAB-4313-9FBF-16FB260CB053}.Release|x64.ActiveCfg = Release|Any CPU
		{17AD0893-2FAB-4313-9FBF-16FB260CB053}.Release|x64.Build.0 = Release|Any CPU
		{17AD0893-2FAB-4313-9FBF-16FB260CB053}.Release|x86.ActiveCfg = Release|Any CPU
		{17AD0893-2FAB-4313-9FBF-16FB260CB053}.Release|x86.Build.0 = Release|Any CPU
		{28D74E27-03A0-465F-8674-ECE1380BAA4A}.Debug|Any CPU.ActiveCfg = Debug|Any CPU
		{28D74E27-03A0-465F-8674-ECE1380BAA4A}.Debug|Any CPU.Build.0 = Debug|Any CPU
		{28D74E27-03A0-465F-8674-ECE1380BAA4A}.Debug|ARM.ActiveCfg = Debug|Any CPU
		{28D74E27-03A0-465F-8674-ECE1380BAA4A}.Debug|ARM.Build.0 = Debug|Any CPU
		{28D74E27-03A0-465F-8674-ECE1380BAA4A}.Debug|x64.ActiveCfg = Debug|Any CPU
		{28D74E27-03A0-465F-8674-ECE1380BAA4A}.Debug|x64.Build.0 = Debug|Any CPU
		{28D74E27-03A0-465F-8674-ECE1380BAA4A}.Debug|x86.ActiveCfg = Debug|Any CPU
		{28D74E27-03A0-465F-8674-ECE1380BAA4A}.Debug|x86.Build.0 = Debug|Any CPU
		{28D74E27-03A0-465F-8674-ECE1380BAA4A}.Release|Any CPU.ActiveCfg = Release|Any CPU
		{28D74E27-03A0-465F-8674-ECE1380BAA4A}.Release|Any CPU.Build.0 = Release|Any CPU
		{28D74E27-03A0-465F-8674-ECE1380BAA4A}.Release|ARM.ActiveCfg = Release|Any CPU
		{28D74E27-03A0-465F-8674-ECE1380BAA4A}.Release|ARM.Build.0 = Release|Any CPU
		{28D74E27-03A0-465F-8674-ECE1380BAA4A}.Release|x64.ActiveCfg = Release|Any CPU
		{28D74E27-03A0-465F-8674-ECE1380BAA4A}.Release|x64.Build.0 = Release|Any CPU
		{28D74E27-03A0-465F-8674-ECE1380BAA4A}.Release|x86.ActiveCfg = Release|Any CPU
		{28D74E27-03A0-465F-8674-ECE1380BAA4A}.Release|x86.Build.0 = Release|Any CPU
		{265891BC-84FB-4C50-865E-AE3A7D902F69}.Debug|Any CPU.ActiveCfg = Debug|Any CPU
		{265891BC-84FB-4C50-865E-AE3A7D902F69}.Debug|Any CPU.Build.0 = Debug|Any CPU
		{265891BC-84FB-4C50-865E-AE3A7D902F69}.Debug|ARM.ActiveCfg = Debug|Any CPU
		{265891BC-84FB-4C50-865E-AE3A7D902F69}.Debug|ARM.Build.0 = Debug|Any CPU
		{265891BC-84FB-4C50-865E-AE3A7D902F69}.Debug|x64.ActiveCfg = Debug|Any CPU
		{265891BC-84FB-4C50-865E-AE3A7D902F69}.Debug|x64.Build.0 = Debug|Any CPU
		{265891BC-84FB-4C50-865E-AE3A7D902F69}.Debug|x86.ActiveCfg = Debug|Any CPU
		{265891BC-84FB-4C50-865E-AE3A7D902F69}.Debug|x86.Build.0 = Debug|Any CPU
		{265891BC-84FB-4C50-865E-AE3A7D902F69}.Release|Any CPU.ActiveCfg = Release|Any CPU
		{265891BC-84FB-4C50-865E-AE3A7D902F69}.Release|Any CPU.Build.0 = Release|Any CPU
		{265891BC-84FB-4C50-865E-AE3A7D902F69}.Release|ARM.ActiveCfg = Release|Any CPU
		{265891BC-84FB-4C50-865E-AE3A7D902F69}.Release|ARM.Build.0 = Release|Any CPU
		{265891BC-84FB-4C50-865E-AE3A7D902F69}.Release|x64.ActiveCfg = Release|Any CPU
		{265891BC-84FB-4C50-865E-AE3A7D902F69}.Release|x64.Build.0 = Release|Any CPU
		{265891BC-84FB-4C50-865E-AE3A7D902F69}.Release|x86.ActiveCfg = Release|Any CPU
		{265891BC-84FB-4C50-865E-AE3A7D902F69}.Release|x86.Build.0 = Release|Any CPU
		{86733410-AE6E-43AD-AF23-102210DBDBBF}.Debug|Any CPU.ActiveCfg = Debug|Any CPU
		{86733410-AE6E-43AD-AF23-102210DBDBBF}.Debug|Any CPU.Build.0 = Debug|Any CPU
		{86733410-AE6E-43AD-AF23-102210DBDBBF}.Debug|ARM.ActiveCfg = Debug|Any CPU
		{86733410-AE6E-43AD-AF23-102210DBDBBF}.Debug|ARM.Build.0 = Debug|Any CPU
		{86733410-AE6E-43AD-AF23-102210DBDBBF}.Debug|x64.ActiveCfg = Debug|Any CPU
		{86733410-AE6E-43AD-AF23-102210DBDBBF}.Debug|x64.Build.0 = Debug|Any CPU
		{86733410-AE6E-43AD-AF23-102210DBDBBF}.Debug|x86.ActiveCfg = Debug|Any CPU
		{86733410-AE6E-43AD-AF23-102210DBDBBF}.Debug|x86.Build.0 = Debug|Any CPU
		{86733410-AE6E-43AD-AF23-102210DBDBBF}.Release|Any CPU.ActiveCfg = Release|Any CPU
		{86733410-AE6E-43AD-AF23-102210DBDBBF}.Release|Any CPU.Build.0 = Release|Any CPU
		{86733410-AE6E-43AD-AF23-102210DBDBBF}.Release|ARM.ActiveCfg = Release|Any CPU
		{86733410-AE6E-43AD-AF23-102210DBDBBF}.Release|ARM.Build.0 = Release|Any CPU
		{86733410-AE6E-43AD-AF23-102210DBDBBF}.Release|x64.ActiveCfg = Release|Any CPU
		{86733410-AE6E-43AD-AF23-102210DBDBBF}.Release|x64.Build.0 = Release|Any CPU
		{86733410-AE6E-43AD-AF23-102210DBDBBF}.Release|x86.ActiveCfg = Release|Any CPU
		{86733410-AE6E-43AD-AF23-102210DBDBBF}.Release|x86.Build.0 = Release|Any CPU
		{82A4AD69-5352-4655-9809-A176A01CAECF}.Debug|Any CPU.ActiveCfg = Debug|Any CPU
		{82A4AD69-5352-4655-9809-A176A01CAECF}.Debug|Any CPU.Build.0 = Debug|Any CPU
		{82A4AD69-5352-4655-9809-A176A01CAECF}.Debug|ARM.ActiveCfg = Debug|Any CPU
		{82A4AD69-5352-4655-9809-A176A01CAECF}.Debug|ARM.Build.0 = Debug|Any CPU
		{82A4AD69-5352-4655-9809-A176A01CAECF}.Debug|x64.ActiveCfg = Debug|Any CPU
		{82A4AD69-5352-4655-9809-A176A01CAECF}.Debug|x64.Build.0 = Debug|Any CPU
		{82A4AD69-5352-4655-9809-A176A01CAECF}.Debug|x86.ActiveCfg = Debug|Any CPU
		{82A4AD69-5352-4655-9809-A176A01CAECF}.Debug|x86.Build.0 = Debug|Any CPU
		{82A4AD69-5352-4655-9809-A176A01CAECF}.Release|Any CPU.ActiveCfg = Release|Any CPU
		{82A4AD69-5352-4655-9809-A176A01CAECF}.Release|Any CPU.Build.0 = Release|Any CPU
		{82A4AD69-5352-4655-9809-A176A01CAECF}.Release|ARM.ActiveCfg = Release|Any CPU
		{82A4AD69-5352-4655-9809-A176A01CAECF}.Release|ARM.Build.0 = Release|Any CPU
		{82A4AD69-5352-4655-9809-A176A01CAECF}.Release|x64.ActiveCfg = Release|Any CPU
		{82A4AD69-5352-4655-9809-A176A01CAECF}.Release|x64.Build.0 = Release|Any CPU
		{82A4AD69-5352-4655-9809-A176A01CAECF}.Release|x86.ActiveCfg = Release|Any CPU
		{82A4AD69-5352-4655-9809-A176A01CAECF}.Release|x86.Build.0 = Release|Any CPU
	EndGlobalSection
	GlobalSection(SolutionProperties) = preSolution
		HideSolutionNode = FALSE
	EndGlobalSection
	GlobalSection(NestedProjects) = preSolution
		{17AD0893-2FAB-4313-9FBF-16FB260CB053} = {882E07CD-A370-4B65-98CD-2D8382B02603}
		{28D74E27-03A0-465F-8674-ECE1380BAA4A} = {3A8AB49C-3755-45DB-8521-5D24CC249AF1}
		{265891BC-84FB-4C50-865E-AE3A7D902F69} = {882E07CD-A370-4B65-98CD-2D8382B02603}
		{82A4AD69-5352-4655-9809-A176A01CAECF} = {3A8AB49C-3755-45DB-8521-5D24CC249AF1}
	EndGlobalSection
	GlobalSection(ExtensibilityGlobals) = postSolution
		SolutionGuid = {B0CDCEA7-0C1C-471F-BB60-587CEAC12B05}
	EndGlobalSection
EndGlobal
